
Microsoft Visual Studio Solution File, Format Version 12.00
# Visual Studio Version 17
VisualStudioVersion = 17.1.32228.430
MinimumVisualStudioVersion = 10.0.40219.1
Project("{FAE04EC0-301F-11D3-BF4B-00C04F79EFBC}") = "Agency", "Agency\Agency.csproj", "{34A9D7E4-7E6F-4550-8AF2-966265DA7A90}"
EndProject
Global
	GlobalSection(SolutionConfigurationPlatforms) = preSolution
		Debug|Any CPU = Debug|Any CPU
		Release|Any CPU = Release|Any CPU
	EndGlobalSection
	GlobalSection(ProjectConfigurationPlatforms) = postSolution
		{34A9D7E4-7E6F-4550-8AF2-966265DA7A90}.Debug|Any CPU.ActiveCfg = Debug|Any CPU
		{34A9D7E4-7E6F-4550-8AF2-966265DA7A90}.Debug|Any CPU.Build.0 = Debug|Any CPU
		{34A9D7E4-7E6F-4550-8AF2-966265DA7A90}.Release|Any CPU.ActiveCfg = Release|Any CPU
		{34A9D7E4-7E6F-4550-8AF2-966265DA7A90}.Release|Any CPU.Build.0 = Release|Any CPU
	EndGlobalSection
	GlobalSection(SolutionProperties) = preSolution
		HideSolutionNode = FALSE
	EndGlobalSection
	GlobalSection(ExtensibilityGlobals) = postSolution
		SolutionGuid = {6C6AFFE9-D000-4CFC-B3C8-11B425BA42D4}
	EndGlobalSection
EndGlobal
